// !$*UTF8*$!
{
	archiveVersion = 1;
	classes = {
	};
	objectVersion = 51;
	objects = {

/* Begin PBXBuildFile section */
		5749C8861F9C0C318D56DCFB /* Pods_JsonUITests.framework in Frameworks */ = {isa = PBXBuildFile; fileRef = 63E46D859D24CE1C1A01D5F6 /* Pods_JsonUITests.framework */; };
		91A0DD8CD1364D1CB7AF198F /* Pods_JsonUI.framework in Frameworks */ = {isa = PBXBuildFile; fileRef = FBEEFA599871ABB74660C4E3 /* Pods_JsonUI.framework */; };
		DC059A2A245324B800A160EB /* AppConfig.swift in Sources */ = {isa = PBXBuildFile; fileRef = DC059A29245324B800A160EB /* AppConfig.swift */; };
		DC0A59DC244DE10500930AF7 /* SelectedAnswersView.swift in Sources */ = {isa = PBXBuildFile; fileRef = DC0A59DB244DE10500930AF7 /* SelectedAnswersView.swift */; };
		DC0DC7F2244C3407004A7167 /* ScannerViewModel.swift in Sources */ = {isa = PBXBuildFile; fileRef = DC0DC7F1244C3407004A7167 /* ScannerViewModel.swift */; };
		DC0DC7F4244C3909004A7167 /* SubmitAnswerRoute.swift in Sources */ = {isa = PBXBuildFile; fileRef = DC0DC7F3244C3909004A7167 /* SubmitAnswerRoute.swift */; };
		DC1E50382459D540008EE023 /* GoogleService-Info.plist in Resources */ = {isa = PBXBuildFile; fileRef = DC1E50372459D540008EE023 /* GoogleService-Info.plist */; };
		DC1E503B2459D726008EE023 /* RemoteConfig.swift in Sources */ = {isa = PBXBuildFile; fileRef = DC1E503A2459D726008EE023 /* RemoteConfig.swift */; };
		DC39F0E5244DED70000E4DD9 /* SelectedAnswerViewModel.swift in Sources */ = {isa = PBXBuildFile; fileRef = DC39F0E4244DED70000E4DD9 /* SelectedAnswerViewModel.swift */; };
		DC3EC5B7244055B70068DEC9 /* LoginView.swift in Sources */ = {isa = PBXBuildFile; fileRef = DC3EC5B6244055B70068DEC9 /* LoginView.swift */; };
		DC3EC5B9244055C70068DEC9 /* LoginViewModel.swift in Sources */ = {isa = PBXBuildFile; fileRef = DC3EC5B8244055C70068DEC9 /* LoginViewModel.swift */; };
		DC3EC5BB24405BC50068DEC9 /* APIClient.swift in Sources */ = {isa = PBXBuildFile; fileRef = DC3EC5BA24405BC50068DEC9 /* APIClient.swift */; };
		DC3EC5BD24405C380068DEC9 /* APIRoutable.swift in Sources */ = {isa = PBXBuildFile; fileRef = DC3EC5BC24405C380068DEC9 /* APIRoutable.swift */; };
		DC3EC5C1244061870068DEC9 /* APIClientResponse.swift in Sources */ = {isa = PBXBuildFile; fileRef = DC3EC5C0244061870068DEC9 /* APIClientResponse.swift */; };
		DC3EC5C6244063FE0068DEC9 /* LoginRoute.swift in Sources */ = {isa = PBXBuildFile; fileRef = DC3EC5C5244063FE0068DEC9 /* LoginRoute.swift */; };
		DC3EC5C82440641C0068DEC9 /* LoginResponse.swift in Sources */ = {isa = PBXBuildFile; fileRef = DC3EC5C72440641C0068DEC9 /* LoginResponse.swift */; };
		DC4EC7C5244C26570070CE44 /* QuestionModel.swift in Sources */ = {isa = PBXBuildFile; fileRef = DC4EC7C4244C26570070CE44 /* QuestionModel.swift */; };
		DC8201E72442E6DF0022738C /* MainView.swift in Sources */ = {isa = PBXBuildFile; fileRef = DC8201E62442E6DF0022738C /* MainView.swift */; };
		DC8201F32442E9690022738C /* ScannerView.swift in Sources */ = {isa = PBXBuildFile; fileRef = DC8201F22442E9690022738C /* ScannerView.swift */; };
		DC8201F52442EA510022738C /* SettingsView.swift in Sources */ = {isa = PBXBuildFile; fileRef = DC8201F42442EA510022738C /* SettingsView.swift */; };
		DC8201FA2442EBBB0022738C /* UserDefaultWrapper.swift in Sources */ = {isa = PBXBuildFile; fileRef = DC8201F92442EBBB0022738C /* UserDefaultWrapper.swift */; };
		DCB538E024540D0800E4EF4D /* GetQuestionRoute.swift in Sources */ = {isa = PBXBuildFile; fileRef = DCB538DF24540D0800E4EF4D /* GetQuestionRoute.swift */; };
		DCB538E224540DFB00E4EF4D /* QRModel.swift in Sources */ = {isa = PBXBuildFile; fileRef = DCB538E124540DFB00E4EF4D /* QRModel.swift */; };
		DCB8242C2448582900FA0D89 /* Text+Extensions.swift in Sources */ = {isa = PBXBuildFile; fileRef = DCB8242B2448582900FA0D89 /* Text+Extensions.swift */; };
		DCB824352448903100FA0D89 /* Font+Extensions.swift in Sources */ = {isa = PBXBuildFile; fileRef = DCB824342448903100FA0D89 /* Font+Extensions.swift */; };
		DCB824372448969B00FA0D89 /* String+Extensions.swift in Sources */ = {isa = PBXBuildFile; fileRef = DCB824362448969B00FA0D89 /* String+Extensions.swift */; };
		DCC0F214243E299F00B95A61 /* WelcomeViewModel.swift in Sources */ = {isa = PBXBuildFile; fileRef = DCC0F213243E299F00B95A61 /* WelcomeViewModel.swift */; };
		DCC0F21A243E378F00B95A61 /* LottieView.swift in Sources */ = {isa = PBXBuildFile; fileRef = DCC0F219243E378F00B95A61 /* LottieView.swift */; };
		DCC0F21D243E383100B95A61 /* qr_scanner.json in Resources */ = {isa = PBXBuildFile; fileRef = DCC0F21C243E383100B95A61 /* qr_scanner.json */; };
		DCCACECC24474F4A00065EEF /* CodeScannerView.swift in Sources */ = {isa = PBXBuildFile; fileRef = DCCACECB24474F4A00065EEF /* CodeScannerView.swift */; };
		DCCACECE244750F200065EEF /* Notification+Extensions.swift in Sources */ = {isa = PBXBuildFile; fileRef = DCCACECD244750F200065EEF /* Notification+Extensions.swift */; };
		DCD44F512440CEF9005E32E9 /* UIActivityView.swift in Sources */ = {isa = PBXBuildFile; fileRef = DCD44F502440CEF9005E32E9 /* UIActivityView.swift */; };
		DCD44F532440CF5F005E32E9 /* HUDView.swift in Sources */ = {isa = PBXBuildFile; fileRef = DCD44F522440CF5F005E32E9 /* HUDView.swift */; };
		DCDDEE64243E1A7C003E2542 /* AppDelegate.swift in Sources */ = {isa = PBXBuildFile; fileRef = DCDDEE63243E1A7C003E2542 /* AppDelegate.swift */; };
		DCDDEE66243E1A7C003E2542 /* SceneDelegate.swift in Sources */ = {isa = PBXBuildFile; fileRef = DCDDEE65243E1A7C003E2542 /* SceneDelegate.swift */; };
		DCDDEE68243E1A7C003E2542 /* ContentView.swift in Sources */ = {isa = PBXBuildFile; fileRef = DCDDEE67243E1A7C003E2542 /* ContentView.swift */; };
		DCDDEE6A243E1A7D003E2542 /* Assets.xcassets in Resources */ = {isa = PBXBuildFile; fileRef = DCDDEE69243E1A7D003E2542 /* Assets.xcassets */; };
		DCDDEE6D243E1A7D003E2542 /* Preview Assets.xcassets in Resources */ = {isa = PBXBuildFile; fileRef = DCDDEE6C243E1A7D003E2542 /* Preview Assets.xcassets */; };
		DCDDEE70243E1A7D003E2542 /* LaunchScreen.storyboard in Resources */ = {isa = PBXBuildFile; fileRef = DCDDEE6E243E1A7D003E2542 /* LaunchScreen.storyboard */; };
		DCDDEE7B243E1A7D003E2542 /* JsonUITests.swift in Sources */ = {isa = PBXBuildFile; fileRef = DCDDEE7A243E1A7D003E2542 /* JsonUITests.swift */; };
		DCDDEE88243E1AFC003E2542 /* WelcomeView.swift in Sources */ = {isa = PBXBuildFile; fileRef = DCDDEE87243E1AFC003E2542 /* WelcomeView.swift */; };
		DCDDEE8C243E1CEA003E2542 /* Localizable.strings in Resources */ = {isa = PBXBuildFile; fileRef = DCDDEE8E243E1CEA003E2542 /* Localizable.strings */; };
		DCF1727C24474A2B00D3E6A8 /* ResultView.swift in Sources */ = {isa = PBXBuildFile; fileRef = DCF1727B24474A2B00D3E6A8 /* ResultView.swift */; };
/* End PBXBuildFile section */

/* Begin PBXContainerItemProxy section */
		DCDDEE77243E1A7D003E2542 /* PBXContainerItemProxy */ = {
			isa = PBXContainerItemProxy;
			containerPortal = DCDDEE58243E1A7B003E2542 /* Project object */;
			proxyType = 1;
			remoteGlobalIDString = DCDDEE5F243E1A7C003E2542;
			remoteInfo = JsonUI;
		};
/* End PBXContainerItemProxy section */

/* Begin PBXFileReference section */
		1B1E7EB22880975148C6B0D9 /* Pods-JsonUITests.release.xcconfig */ = {isa = PBXFileReference; includeInIndex = 1; lastKnownFileType = text.xcconfig; name = "Pods-JsonUITests.release.xcconfig"; path = "Target Support Files/Pods-JsonUITests/Pods-JsonUITests.release.xcconfig"; sourceTree = "<group>"; };
		3747159615DB3266A0B8ED7F /* Pods-JsonUITests.debug.xcconfig */ = {isa = PBXFileReference; includeInIndex = 1; lastKnownFileType = text.xcconfig; name = "Pods-JsonUITests.debug.xcconfig"; path = "Target Support Files/Pods-JsonUITests/Pods-JsonUITests.debug.xcconfig"; sourceTree = "<group>"; };
		4495F60AE357BBA61614D7E9 /* Pods-JsonUI.debug.xcconfig */ = {isa = PBXFileReference; includeInIndex = 1; lastKnownFileType = text.xcconfig; name = "Pods-JsonUI.debug.xcconfig"; path = "Target Support Files/Pods-JsonUI/Pods-JsonUI.debug.xcconfig"; sourceTree = "<group>"; };
		63E46D859D24CE1C1A01D5F6 /* Pods_JsonUITests.framework */ = {isa = PBXFileReference; explicitFileType = wrapper.framework; includeInIndex = 0; path = Pods_JsonUITests.framework; sourceTree = BUILT_PRODUCTS_DIR; };
		800FBD3AAB92DFD067CA0617 /* Pods-JsonUI.release.xcconfig */ = {isa = PBXFileReference; includeInIndex = 1; lastKnownFileType = text.xcconfig; name = "Pods-JsonUI.release.xcconfig"; path = "Target Support Files/Pods-JsonUI/Pods-JsonUI.release.xcconfig"; sourceTree = "<group>"; };
		DC059A29245324B800A160EB /* AppConfig.swift */ = {isa = PBXFileReference; lastKnownFileType = sourcecode.swift; path = AppConfig.swift; sourceTree = "<group>"; };
		DC0A59DB244DE10500930AF7 /* SelectedAnswersView.swift */ = {isa = PBXFileReference; lastKnownFileType = sourcecode.swift; path = SelectedAnswersView.swift; sourceTree = "<group>"; };
		DC0DC7F1244C3407004A7167 /* ScannerViewModel.swift */ = {isa = PBXFileReference; lastKnownFileType = sourcecode.swift; path = ScannerViewModel.swift; sourceTree = "<group>"; };
		DC0DC7F3244C3909004A7167 /* SubmitAnswerRoute.swift */ = {isa = PBXFileReference; lastKnownFileType = sourcecode.swift; path = SubmitAnswerRoute.swift; sourceTree = "<group>"; };
		DC1E50372459D540008EE023 /* GoogleService-Info.plist */ = {isa = PBXFileReference; fileEncoding = 4; lastKnownFileType = text.plist.xml; path = "GoogleService-Info.plist"; sourceTree = "<group>"; };
		DC1E503A2459D726008EE023 /* RemoteConfig.swift */ = {isa = PBXFileReference; lastKnownFileType = sourcecode.swift; path = RemoteConfig.swift; sourceTree = "<group>"; };
		DC39F0E4244DED70000E4DD9 /* SelectedAnswerViewModel.swift */ = {isa = PBXFileReference; lastKnownFileType = sourcecode.swift; path = SelectedAnswerViewModel.swift; sourceTree = "<group>"; };
		DC3EC5B6244055B70068DEC9 /* LoginView.swift */ = {isa = PBXFileReference; lastKnownFileType = sourcecode.swift; path = LoginView.swift; sourceTree = "<group>"; };
		DC3EC5B8244055C70068DEC9 /* LoginViewModel.swift */ = {isa = PBXFileReference; lastKnownFileType = sourcecode.swift; path = LoginViewModel.swift; sourceTree = "<group>"; };
		DC3EC5BA24405BC50068DEC9 /* APIClient.swift */ = {isa = PBXFileReference; lastKnownFileType = sourcecode.swift; path = APIClient.swift; sourceTree = "<group>"; };
		DC3EC5BC24405C380068DEC9 /* APIRoutable.swift */ = {isa = PBXFileReference; lastKnownFileType = sourcecode.swift; path = APIRoutable.swift; sourceTree = "<group>"; };
		DC3EC5C0244061870068DEC9 /* APIClientResponse.swift */ = {isa = PBXFileReference; lastKnownFileType = sourcecode.swift; path = APIClientResponse.swift; sourceTree = "<group>"; };
		DC3EC5C5244063FE0068DEC9 /* LoginRoute.swift */ = {isa = PBXFileReference; lastKnownFileType = sourcecode.swift; path = LoginRoute.swift; sourceTree = "<group>"; };
		DC3EC5C72440641C0068DEC9 /* LoginResponse.swift */ = {isa = PBXFileReference; lastKnownFileType = sourcecode.swift; path = LoginResponse.swift; sourceTree = "<group>"; };
		DC4EC7C4244C26570070CE44 /* QuestionModel.swift */ = {isa = PBXFileReference; lastKnownFileType = sourcecode.swift; path = QuestionModel.swift; sourceTree = "<group>"; };
		DC8201E62442E6DF0022738C /* MainView.swift */ = {isa = PBXFileReference; lastKnownFileType = sourcecode.swift; path = MainView.swift; sourceTree = "<group>"; };
		DC8201F22442E9690022738C /* ScannerView.swift */ = {isa = PBXFileReference; lastKnownFileType = sourcecode.swift; path = ScannerView.swift; sourceTree = "<group>"; };
		DC8201F42442EA510022738C /* SettingsView.swift */ = {isa = PBXFileReference; lastKnownFileType = sourcecode.swift; path = SettingsView.swift; sourceTree = "<group>"; };
		DC8201F92442EBBB0022738C /* UserDefaultWrapper.swift */ = {isa = PBXFileReference; lastKnownFileType = sourcecode.swift; name = UserDefaultWrapper.swift; path = Views/UserDefaultWrapper.swift; sourceTree = "<group>"; };
		DCB538DF24540D0800E4EF4D /* GetQuestionRoute.swift */ = {isa = PBXFileReference; lastKnownFileType = sourcecode.swift; path = GetQuestionRoute.swift; sourceTree = "<group>"; };
		DCB538E124540DFB00E4EF4D /* QRModel.swift */ = {isa = PBXFileReference; lastKnownFileType = sourcecode.swift; path = QRModel.swift; sourceTree = "<group>"; };
		DCB8242B2448582900FA0D89 /* Text+Extensions.swift */ = {isa = PBXFileReference; lastKnownFileType = sourcecode.swift; path = "Text+Extensions.swift"; sourceTree = "<group>"; };
		DCB824342448903100FA0D89 /* Font+Extensions.swift */ = {isa = PBXFileReference; lastKnownFileType = sourcecode.swift; path = "Font+Extensions.swift"; sourceTree = "<group>"; };
		DCB824362448969B00FA0D89 /* String+Extensions.swift */ = {isa = PBXFileReference; lastKnownFileType = sourcecode.swift; path = "String+Extensions.swift"; sourceTree = "<group>"; };
		DCC0F213243E299F00B95A61 /* WelcomeViewModel.swift */ = {isa = PBXFileReference; lastKnownFileType = sourcecode.swift; path = WelcomeViewModel.swift; sourceTree = "<group>"; };
		DCC0F219243E378F00B95A61 /* LottieView.swift */ = {isa = PBXFileReference; lastKnownFileType = sourcecode.swift; path = LottieView.swift; sourceTree = "<group>"; };
		DCC0F21C243E383100B95A61 /* qr_scanner.json */ = {isa = PBXFileReference; fileEncoding = 4; lastKnownFileType = text.json; path = qr_scanner.json; sourceTree = "<group>"; };
		DCCACECB24474F4A00065EEF /* CodeScannerView.swift */ = {isa = PBXFileReference; lastKnownFileType = sourcecode.swift; path = CodeScannerView.swift; sourceTree = "<group>"; };
		DCCACECD244750F200065EEF /* Notification+Extensions.swift */ = {isa = PBXFileReference; lastKnownFileType = sourcecode.swift; path = "Notification+Extensions.swift"; sourceTree = "<group>"; };
		DCD44F502440CEF9005E32E9 /* UIActivityView.swift */ = {isa = PBXFileReference; lastKnownFileType = sourcecode.swift; path = UIActivityView.swift; sourceTree = "<group>"; };
		DCD44F522440CF5F005E32E9 /* HUDView.swift */ = {isa = PBXFileReference; lastKnownFileType = sourcecode.swift; path = HUDView.swift; sourceTree = "<group>"; };
		DCDDEE60243E1A7C003E2542 /* Zent LMS.app */ = {isa = PBXFileReference; explicitFileType = wrapper.application; includeInIndex = 0; path = "Zent LMS.app"; sourceTree = BUILT_PRODUCTS_DIR; };
		DCDDEE63243E1A7C003E2542 /* AppDelegate.swift */ = {isa = PBXFileReference; lastKnownFileType = sourcecode.swift; path = AppDelegate.swift; sourceTree = "<group>"; };
		DCDDEE65243E1A7C003E2542 /* SceneDelegate.swift */ = {isa = PBXFileReference; lastKnownFileType = sourcecode.swift; path = SceneDelegate.swift; sourceTree = "<group>"; };
		DCDDEE67243E1A7C003E2542 /* ContentView.swift */ = {isa = PBXFileReference; lastKnownFileType = sourcecode.swift; path = ContentView.swift; sourceTree = "<group>"; };
		DCDDEE69243E1A7D003E2542 /* Assets.xcassets */ = {isa = PBXFileReference; lastKnownFileType = folder.assetcatalog; path = Assets.xcassets; sourceTree = "<group>"; };
		DCDDEE6C243E1A7D003E2542 /* Preview Assets.xcassets */ = {isa = PBXFileReference; lastKnownFileType = folder.assetcatalog; path = "Preview Assets.xcassets"; sourceTree = "<group>"; };
		DCDDEE6F243E1A7D003E2542 /* Base */ = {isa = PBXFileReference; lastKnownFileType = file.storyboard; name = Base; path = Base.lproj/LaunchScreen.storyboard; sourceTree = "<group>"; };
		DCDDEE71243E1A7D003E2542 /* Info.plist */ = {isa = PBXFileReference; lastKnownFileType = text.plist.xml; path = Info.plist; sourceTree = "<group>"; };
		DCDDEE76243E1A7D003E2542 /* JsonUITests.xctest */ = {isa = PBXFileReference; explicitFileType = wrapper.cfbundle; includeInIndex = 0; path = JsonUITests.xctest; sourceTree = BUILT_PRODUCTS_DIR; };
		DCDDEE7A243E1A7D003E2542 /* JsonUITests.swift */ = {isa = PBXFileReference; lastKnownFileType = sourcecode.swift; path = JsonUITests.swift; sourceTree = "<group>"; };
		DCDDEE7C243E1A7D003E2542 /* Info.plist */ = {isa = PBXFileReference; lastKnownFileType = text.plist.xml; path = Info.plist; sourceTree = "<group>"; };
		DCDDEE87243E1AFC003E2542 /* WelcomeView.swift */ = {isa = PBXFileReference; lastKnownFileType = sourcecode.swift; path = WelcomeView.swift; sourceTree = "<group>"; };
		DCDDEE8B243E1CD5003E2542 /* vi */ = {isa = PBXFileReference; lastKnownFileType = text.plist.strings; name = vi; path = vi.lproj/LaunchScreen.strings; sourceTree = "<group>"; };
		DCDDEE8D243E1CEA003E2542 /* en */ = {isa = PBXFileReference; lastKnownFileType = text.plist.strings; name = en; path = en.lproj/Localizable.strings; sourceTree = "<group>"; };
		DCDDEE8F243E1CEE003E2542 /* vi */ = {isa = PBXFileReference; lastKnownFileType = text.plist.strings; name = vi; path = vi.lproj/Localizable.strings; sourceTree = "<group>"; };
		DCF1727B24474A2B00D3E6A8 /* ResultView.swift */ = {isa = PBXFileReference; lastKnownFileType = sourcecode.swift; path = ResultView.swift; sourceTree = "<group>"; };
		FBEEFA599871ABB74660C4E3 /* Pods_JsonUI.framework */ = {isa = PBXFileReference; explicitFileType = wrapper.framework; includeInIndex = 0; path = Pods_JsonUI.framework; sourceTree = BUILT_PRODUCTS_DIR; };
/* End PBXFileReference section */

/* Begin PBXFrameworksBuildPhase section */
		DCDDEE5D243E1A7C003E2542 /* Frameworks */ = {
			isa = PBXFrameworksBuildPhase;
			buildActionMask = 2147483647;
			files = (
				91A0DD8CD1364D1CB7AF198F /* Pods_JsonUI.framework in Frameworks */,
			);
			runOnlyForDeploymentPostprocessing = 0;
		};
		DCDDEE73243E1A7D003E2542 /* Frameworks */ = {
			isa = PBXFrameworksBuildPhase;
			buildActionMask = 2147483647;
			files = (
				5749C8861F9C0C318D56DCFB /* Pods_JsonUITests.framework in Frameworks */,
			);
			runOnlyForDeploymentPostprocessing = 0;
		};
/* End PBXFrameworksBuildPhase section */

/* Begin PBXGroup section */
		7DAC6CB93FC991C0EE2993C7 /* Pods */ = {
			isa = PBXGroup;
			children = (
				4495F60AE357BBA61614D7E9 /* Pods-JsonUI.debug.xcconfig */,
				800FBD3AAB92DFD067CA0617 /* Pods-JsonUI.release.xcconfig */,
				3747159615DB3266A0B8ED7F /* Pods-JsonUITests.debug.xcconfig */,
				1B1E7EB22880975148C6B0D9 /* Pods-JsonUITests.release.xcconfig */,
			);
			path = Pods;
			sourceTree = "<group>";
		};
		D44226D09075E1D188D2503E /* Frameworks */ = {
			isa = PBXGroup;
			children = (
				FBEEFA599871ABB74660C4E3 /* Pods_JsonUI.framework */,
				63E46D859D24CE1C1A01D5F6 /* Pods_JsonUITests.framework */,
			);
			name = Frameworks;
			sourceTree = "<group>";
		};
		DC0DC7F0244C33F1004A7167 /* ViewModel */ = {
			isa = PBXGroup;
			children = (
				DC0DC7F1244C3407004A7167 /* ScannerViewModel.swift */,
				DC39F0E4244DED70000E4DD9 /* SelectedAnswerViewModel.swift */,
			);
			path = ViewModel;
			sourceTree = "<group>";
		};
		DC3EC5C2244063CC0068DEC9 /* View */ = {
			isa = PBXGroup;
			children = (
				DC3EC5B6244055B70068DEC9 /* LoginView.swift */,
			);
			path = View;
			sourceTree = "<group>";
		};
		DC3EC5C3244063D80068DEC9 /* ViewModel */ = {
			isa = PBXGroup;
			children = (
				DC3EC5B8244055C70068DEC9 /* LoginViewModel.swift */,
			);
			path = ViewModel;
			sourceTree = "<group>";
		};
		DC3EC5C4244063E60068DEC9 /* Model */ = {
			isa = PBXGroup;
			children = (
				DC3EC5C5244063FE0068DEC9 /* LoginRoute.swift */,
				DC3EC5C72440641C0068DEC9 /* LoginResponse.swift */,
			);
			path = Model;
			sourceTree = "<group>";
		};
		DC4EC7C2244C263E0070CE44 /* View */ = {
			isa = PBXGroup;
			children = (
				DCCACECB24474F4A00065EEF /* CodeScannerView.swift */,
				DC8201F22442E9690022738C /* ScannerView.swift */,
				DCF1727B24474A2B00D3E6A8 /* ResultView.swift */,
				DC0A59DB244DE10500930AF7 /* SelectedAnswersView.swift */,
			);
			path = View;
			sourceTree = "<group>";
		};
		DC4EC7C3244C264A0070CE44 /* Model */ = {
			isa = PBXGroup;
			children = (
				DCB538E124540DFB00E4EF4D /* QRModel.swift */,
				DC4EC7C4244C26570070CE44 /* QuestionModel.swift */,
				DC0DC7F3244C3909004A7167 /* SubmitAnswerRoute.swift */,
				DCB538DF24540D0800E4EF4D /* GetQuestionRoute.swift */,
			);
			path = Model;
			sourceTree = "<group>";
		};
		DC8201E42442E6A50022738C /* Features */ = {
			isa = PBXGroup;
			children = (
				DC8201ED2442E9210022738C /* Settings */,
				DC8201EC2442E91C0022738C /* Scanner */,
				DCDDEE86243E1AD0003E2542 /* Welcome */,
				DCDDEE85243E1AC3003E2542 /* Login */,
				DC8201E52442E6BD0022738C /* Main */,
			);
			path = Features;
			sourceTree = "<group>";
		};
		DC8201E52442E6BD0022738C /* Main */ = {
			isa = PBXGroup;
			children = (
				DC8201E62442E6DF0022738C /* MainView.swift */,
			);
			path = Main;
			sourceTree = "<group>";
		};
		DC8201EC2442E91C0022738C /* Scanner */ = {
			isa = PBXGroup;
			children = (
				DC0DC7F0244C33F1004A7167 /* ViewModel */,
				DC4EC7C3244C264A0070CE44 /* Model */,
				DC4EC7C2244C263E0070CE44 /* View */,
			);
			path = Scanner;
			sourceTree = "<group>";
		};
		DC8201ED2442E9210022738C /* Settings */ = {
			isa = PBXGroup;
			children = (
				DC8201F42442EA510022738C /* SettingsView.swift */,
			);
			path = Settings;
			sourceTree = "<group>";
		};
		DC8201F62442EB3F0022738C /* Views */ = {
			isa = PBXGroup;
			children = (
				DCC0F219243E378F00B95A61 /* LottieView.swift */,
				DCD44F502440CEF9005E32E9 /* UIActivityView.swift */,
				DCD44F522440CF5F005E32E9 /* HUDView.swift */,
			);
			path = Views;
			sourceTree = "<group>";
		};
		DC8201F72442EB520022738C /* Repositories */ = {
			isa = PBXGroup;
			children = (
				DC3EC5BA24405BC50068DEC9 /* APIClient.swift */,
				DC3EC5BC24405C380068DEC9 /* APIRoutable.swift */,
				DC3EC5C0244061870068DEC9 /* APIClientResponse.swift */,
			);
			path = Repositories;
			sourceTree = "<group>";
		};
		DC8201F82442EB6A0022738C /* Extensions */ = {
			isa = PBXGroup;
			children = (
				DCCACECD244750F200065EEF /* Notification+Extensions.swift */,
				DCB8242B2448582900FA0D89 /* Text+Extensions.swift */,
				DCB824342448903100FA0D89 /* Font+Extensions.swift */,
				DCB824362448969B00FA0D89 /* String+Extensions.swift */,
			);
			path = Extensions;
			sourceTree = "<group>";
		};
		DCB8242D24485C8C00FA0D89 /* UIComponents */ = {
			isa = PBXGroup;
			children = (
			);
			path = UIComponents;
			sourceTree = "<group>";
		};
		DCC0F218243E377700B95A61 /* Commons */ = {
			isa = PBXGroup;
			children = (
				DC8201F82442EB6A0022738C /* Extensions */,
				DC8201F62442EB3F0022738C /* Views */,
				DC8201F92442EBBB0022738C /* UserDefaultWrapper.swift */,
				DC059A29245324B800A160EB /* AppConfig.swift */,
				DC1E503A2459D726008EE023 /* RemoteConfig.swift */,
			);
			path = Commons;
			sourceTree = "<group>";
		};
		DCC0F21B243E380E00B95A61 /* Assets */ = {
			isa = PBXGroup;
			children = (
				DCC0F21C243E383100B95A61 /* qr_scanner.json */,
			);
			path = Assets;
			sourceTree = "<group>";
		};
		DCDDEE57243E1A7B003E2542 = {
			isa = PBXGroup;
			children = (
				DCDDEE62243E1A7C003E2542 /* JsonUI */,
				DCDDEE79243E1A7D003E2542 /* JsonUITests */,
				DCDDEE61243E1A7C003E2542 /* Products */,
				7DAC6CB93FC991C0EE2993C7 /* Pods */,
				D44226D09075E1D188D2503E /* Frameworks */,
			);
			sourceTree = "<group>";
		};
		DCDDEE61243E1A7C003E2542 /* Products */ = {
			isa = PBXGroup;
			children = (
				DCDDEE60243E1A7C003E2542 /* Zent LMS.app */,
				DCDDEE76243E1A7D003E2542 /* JsonUITests.xctest */,
			);
			name = Products;
			sourceTree = "<group>";
		};
		DCDDEE62243E1A7C003E2542 /* JsonUI */ = {
			isa = PBXGroup;
			children = (
				DC1E50372459D540008EE023 /* GoogleService-Info.plist */,
				DCB8242D24485C8C00FA0D89 /* UIComponents */,
				DC8201F72442EB520022738C /* Repositories */,
				DCC0F21B243E380E00B95A61 /* Assets */,
				DCC0F218243E377700B95A61 /* Commons */,
				DC8201E42442E6A50022738C /* Features */,
				DCDDEE63243E1A7C003E2542 /* AppDelegate.swift */,
				DCDDEE65243E1A7C003E2542 /* SceneDelegate.swift */,
				DCDDEE67243E1A7C003E2542 /* ContentView.swift */,
				DCDDEE69243E1A7D003E2542 /* Assets.xcassets */,
				DCDDEE6E243E1A7D003E2542 /* LaunchScreen.storyboard */,
				DCDDEE71243E1A7D003E2542 /* Info.plist */,
				DCDDEE6B243E1A7D003E2542 /* Preview Content */,
				DCDDEE8E243E1CEA003E2542 /* Localizable.strings */,
			);
			path = JsonUI;
			sourceTree = "<group>";
		};
		DCDDEE6B243E1A7D003E2542 /* Preview Content */ = {
			isa = PBXGroup;
			children = (
				DCDDEE6C243E1A7D003E2542 /* Preview Assets.xcassets */,
			);
			path = "Preview Content";
			sourceTree = "<group>";
		};
		DCDDEE79243E1A7D003E2542 /* JsonUITests */ = {
			isa = PBXGroup;
			children = (
				DCDDEE7A243E1A7D003E2542 /* JsonUITests.swift */,
				DCDDEE7C243E1A7D003E2542 /* Info.plist */,
			);
			path = JsonUITests;
			sourceTree = "<group>";
		};
		DCDDEE85243E1AC3003E2542 /* Login */ = {
			isa = PBXGroup;
			children = (
				DC3EC5C4244063E60068DEC9 /* Model */,
				DC3EC5C2244063CC0068DEC9 /* View */,
				DC3EC5C3244063D80068DEC9 /* ViewModel */,
			);
			path = Login;
			sourceTree = "<group>";
		};
		DCDDEE86243E1AD0003E2542 /* Welcome */ = {
			isa = PBXGroup;
			children = (
				DCDDEE87243E1AFC003E2542 /* WelcomeView.swift */,
				DCC0F213243E299F00B95A61 /* WelcomeViewModel.swift */,
			);
			path = Welcome;
			sourceTree = "<group>";
		};
/* End PBXGroup section */

/* Begin PBXNativeTarget section */
		DCDDEE5F243E1A7C003E2542 /* JsonUI */ = {
			isa = PBXNativeTarget;
			buildConfigurationList = DCDDEE7F243E1A7D003E2542 /* Build configuration list for PBXNativeTarget "JsonUI" */;
			buildPhases = (
				8339DA5227F4BC7FBDD288B0 /* [CP] Check Pods Manifest.lock */,
				DCDDEE5C243E1A7C003E2542 /* Sources */,
				DCDDEE5D243E1A7C003E2542 /* Frameworks */,
				DCDDEE5E243E1A7C003E2542 /* Resources */,
				7E1AF5CA13CDA76589363461 /* [CP] Embed Pods Frameworks */,
				DC1E50392459D611008EE023 /* Crashlytics */,
			);
			buildRules = (
			);
			dependencies = (
			);
			name = JsonUI;
			packageProductDependencies = (
			);
			productName = JsonUI;
			productReference = DCDDEE60243E1A7C003E2542 /* Zent LMS.app */;
			productType = "com.apple.product-type.application";
		};
		DCDDEE75243E1A7D003E2542 /* JsonUITests */ = {
			isa = PBXNativeTarget;
			buildConfigurationList = DCDDEE82243E1A7D003E2542 /* Build configuration list for PBXNativeTarget "JsonUITests" */;
			buildPhases = (
				87605188487D1BD73E5DA2B6 /* [CP] Check Pods Manifest.lock */,
				DCDDEE72243E1A7D003E2542 /* Sources */,
				DCDDEE73243E1A7D003E2542 /* Frameworks */,
				DCDDEE74243E1A7D003E2542 /* Resources */,
			);
			buildRules = (
			);
			dependencies = (
				DCDDEE78243E1A7D003E2542 /* PBXTargetDependency */,
			);
			name = JsonUITests;
			productName = JsonUITests;
			productReference = DCDDEE76243E1A7D003E2542 /* JsonUITests.xctest */;
			productType = "com.apple.product-type.bundle.unit-test";
		};
/* End PBXNativeTarget section */

/* Begin PBXProject section */
		DCDDEE58243E1A7B003E2542 /* Project object */ = {
			isa = PBXProject;
			attributes = {
				LastSwiftUpdateCheck = 1130;
				LastUpgradeCheck = 1130;
				ORGANIZATIONNAME = "Steve Dao";
				TargetAttributes = {
					DCDDEE5F243E1A7C003E2542 = {
						CreatedOnToolsVersion = 11.3.1;
					};
					DCDDEE75243E1A7D003E2542 = {
						CreatedOnToolsVersion = 11.3.1;
						TestTargetID = DCDDEE5F243E1A7C003E2542;
					};
				};
			};
			buildConfigurationList = DCDDEE5B243E1A7B003E2542 /* Build configuration list for PBXProject "JsonUI" */;
			compatibilityVersion = "Xcode 9.3";
			developmentRegion = en;
			hasScannedForEncodings = 0;
			knownRegions = (
				en,
				Base,
				vi,
			);
			mainGroup = DCDDEE57243E1A7B003E2542;
			packageReferences = (
			);
			productRefGroup = DCDDEE61243E1A7C003E2542 /* Products */;
			projectDirPath = "";
			projectRoot = "";
			targets = (
				DCDDEE5F243E1A7C003E2542 /* JsonUI */,
				DCDDEE75243E1A7D003E2542 /* JsonUITests */,
			);
		};
/* End PBXProject section */

/* Begin PBXResourcesBuildPhase section */
		DCDDEE5E243E1A7C003E2542 /* Resources */ = {
			isa = PBXResourcesBuildPhase;
			buildActionMask = 2147483647;
			files = (
				DCDDEE70243E1A7D003E2542 /* LaunchScreen.storyboard in Resources */,
				DCDDEE8C243E1CEA003E2542 /* Localizable.strings in Resources */,
				DCDDEE6D243E1A7D003E2542 /* Preview Assets.xcassets in Resources */,
				DCC0F21D243E383100B95A61 /* qr_scanner.json in Resources */,
				DCDDEE6A243E1A7D003E2542 /* Assets.xcassets in Resources */,
				DC1E50382459D540008EE023 /* GoogleService-Info.plist in Resources */,
			);
			runOnlyForDeploymentPostprocessing = 0;
		};
		DCDDEE74243E1A7D003E2542 /* Resources */ = {
			isa = PBXResourcesBuildPhase;
			buildActionMask = 2147483647;
			files = (
			);
			runOnlyForDeploymentPostprocessing = 0;
		};
/* End PBXResourcesBuildPhase section */

/* Begin PBXShellScriptBuildPhase section */
		7E1AF5CA13CDA76589363461 /* [CP] Embed Pods Frameworks */ = {
			isa = PBXShellScriptBuildPhase;
			buildActionMask = 2147483647;
			files = (
			);
			inputFileListPaths = (
				"${PODS_ROOT}/Target Support Files/Pods-JsonUI/Pods-JsonUI-frameworks-${CONFIGURATION}-input-files.xcfilelist",
			);
			name = "[CP] Embed Pods Frameworks";
			outputFileListPaths = (
				"${PODS_ROOT}/Target Support Files/Pods-JsonUI/Pods-JsonUI-frameworks-${CONFIGURATION}-output-files.xcfilelist",
			);
			runOnlyForDeploymentPostprocessing = 0;
			shellPath = /bin/sh;
			shellScript = "\"${PODS_ROOT}/Target Support Files/Pods-JsonUI/Pods-JsonUI-frameworks.sh\"\n";
			showEnvVarsInLog = 0;
		};
		8339DA5227F4BC7FBDD288B0 /* [CP] Check Pods Manifest.lock */ = {
			isa = PBXShellScriptBuildPhase;
			buildActionMask = 2147483647;
			files = (
			);
			inputFileListPaths = (
			);
			inputPaths = (
				"${PODS_PODFILE_DIR_PATH}/Podfile.lock",
				"${PODS_ROOT}/Manifest.lock",
			);
			name = "[CP] Check Pods Manifest.lock";
			outputFileListPaths = (
			);
			outputPaths = (
				"$(DERIVED_FILE_DIR)/Pods-JsonUI-checkManifestLockResult.txt",
			);
			runOnlyForDeploymentPostprocessing = 0;
			shellPath = /bin/sh;
			shellScript = "diff \"${PODS_PODFILE_DIR_PATH}/Podfile.lock\" \"${PODS_ROOT}/Manifest.lock\" > /dev/null\nif [ $? != 0 ] ; then\n    # print error to STDERR\n    echo \"error: The sandbox is not in sync with the Podfile.lock. Run 'pod install' or update your CocoaPods installation.\" >&2\n    exit 1\nfi\n# This output is used by Xcode 'outputs' to avoid re-running this script phase.\necho \"SUCCESS\" > \"${SCRIPT_OUTPUT_FILE_0}\"\n";
			showEnvVarsInLog = 0;
		};
		87605188487D1BD73E5DA2B6 /* [CP] Check Pods Manifest.lock */ = {
			isa = PBXShellScriptBuildPhase;
			buildActionMask = 2147483647;
			files = (
			);
			inputFileListPaths = (
			);
			inputPaths = (
				"${PODS_PODFILE_DIR_PATH}/Podfile.lock",
				"${PODS_ROOT}/Manifest.lock",
			);
			name = "[CP] Check Pods Manifest.lock";
			outputFileListPaths = (
			);
			outputPaths = (
				"$(DERIVED_FILE_DIR)/Pods-JsonUITests-checkManifestLockResult.txt",
			);
			runOnlyForDeploymentPostprocessing = 0;
			shellPath = /bin/sh;
			shellScript = "diff \"${PODS_PODFILE_DIR_PATH}/Podfile.lock\" \"${PODS_ROOT}/Manifest.lock\" > /dev/null\nif [ $? != 0 ] ; then\n    # print error to STDERR\n    echo \"error: The sandbox is not in sync with the Podfile.lock. Run 'pod install' or update your CocoaPods installation.\" >&2\n    exit 1\nfi\n# This output is used by Xcode 'outputs' to avoid re-running this script phase.\necho \"SUCCESS\" > \"${SCRIPT_OUTPUT_FILE_0}\"\n";
			showEnvVarsInLog = 0;
		};
		DC1E50392459D611008EE023 /* Crashlytics */ = {
			isa = PBXShellScriptBuildPhase;
			buildActionMask = 2147483647;
			files = (
			);
			inputFileListPaths = (
			);
			inputPaths = (
				"${BUILT_PRODUCTS_DIR}/${INFOPLIST_PATH}",
			);
			name = Crashlytics;
			outputFileListPaths = (
			);
			outputPaths = (
			);
			runOnlyForDeploymentPostprocessing = 0;
			shellPath = /bin/sh;
			shellScript = "# Type a script or drag a script file from your workspace to insert its path.\n\"${PODS_ROOT}/FirebaseCrashlytics/run\"\n";
		};
/* End PBXShellScriptBuildPhase section */

/* Begin PBXSourcesBuildPhase section */
		DCDDEE5C243E1A7C003E2542 /* Sources */ = {
			isa = PBXSourcesBuildPhase;
			buildActionMask = 2147483647;
			files = (
				DCB8242C2448582900FA0D89 /* Text+Extensions.swift in Sources */,
				DCC0F214243E299F00B95A61 /* WelcomeViewModel.swift in Sources */,
				DC0DC7F4244C3909004A7167 /* SubmitAnswerRoute.swift in Sources */,
				DC39F0E5244DED70000E4DD9 /* SelectedAnswerViewModel.swift in Sources */,
				DC8201F32442E9690022738C /* ScannerView.swift in Sources */,
				DC8201E72442E6DF0022738C /* MainView.swift in Sources */,
				DC3EC5B7244055B70068DEC9 /* LoginView.swift in Sources */,
				DC0A59DC244DE10500930AF7 /* SelectedAnswersView.swift in Sources */,
				DCDDEE64243E1A7C003E2542 /* AppDelegate.swift in Sources */,
				DCF1727C24474A2B00D3E6A8 /* ResultView.swift in Sources */,
				DC0DC7F2244C3407004A7167 /* ScannerViewModel.swift in Sources */,
				DCCACECC24474F4A00065EEF /* CodeScannerView.swift in Sources */,
				DCD44F532440CF5F005E32E9 /* HUDView.swift in Sources */,
				DCD44F512440CEF9005E32E9 /* UIActivityView.swift in Sources */,
				DCDDEE66243E1A7C003E2542 /* SceneDelegate.swift in Sources */,
				DC4EC7C5244C26570070CE44 /* QuestionModel.swift in Sources */,
				DC3EC5B9244055C70068DEC9 /* LoginViewModel.swift in Sources */,
				DCB824352448903100FA0D89 /* Font+Extensions.swift in Sources */,
				DC059A2A245324B800A160EB /* AppConfig.swift in Sources */,
				DC1E503B2459D726008EE023 /* RemoteConfig.swift in Sources */,
				DCDDEE68243E1A7C003E2542 /* ContentView.swift in Sources */,
				DCB824372448969B00FA0D89 /* String+Extensions.swift in Sources */,
				DC3EC5C82440641C0068DEC9 /* LoginResponse.swift in Sources */,
				DCDDEE88243E1AFC003E2542 /* WelcomeView.swift in Sources */,
				DC3EC5C1244061870068DEC9 /* APIClientResponse.swift in Sources */,
				DCB538E224540DFB00E4EF4D /* QRModel.swift in Sources */,
				DCB538E024540D0800E4EF4D /* GetQuestionRoute.swift in Sources */,
				DCC0F21A243E378F00B95A61 /* LottieView.swift in Sources */,
				DC3EC5BD24405C380068DEC9 /* APIRoutable.swift in Sources */,
				DC3EC5BB24405BC50068DEC9 /* APIClient.swift in Sources */,
				DCCACECE244750F200065EEF /* Notification+Extensions.swift in Sources */,
				DC8201FA2442EBBB0022738C /* UserDefaultWrapper.swift in Sources */,
				DC3EC5C6244063FE0068DEC9 /* LoginRoute.swift in Sources */,
				DC8201F52442EA510022738C /* SettingsView.swift in Sources */,
			);
			runOnlyForDeploymentPostprocessing = 0;
		};
		DCDDEE72243E1A7D003E2542 /* Sources */ = {
			isa = PBXSourcesBuildPhase;
			buildActionMask = 2147483647;
			files = (
				DCDDEE7B243E1A7D003E2542 /* JsonUITests.swift in Sources */,
			);
			runOnlyForDeploymentPostprocessing = 0;
		};
/* End PBXSourcesBuildPhase section */

/* Begin PBXTargetDependency section */
		DCDDEE78243E1A7D003E2542 /* PBXTargetDependency */ = {
			isa = PBXTargetDependency;
			target = DCDDEE5F243E1A7C003E2542 /* JsonUI */;
			targetProxy = DCDDEE77243E1A7D003E2542 /* PBXContainerItemProxy */;
		};
/* End PBXTargetDependency section */

/* Begin PBXVariantGroup section */
		DCDDEE6E243E1A7D003E2542 /* LaunchScreen.storyboard */ = {
			isa = PBXVariantGroup;
			children = (
				DCDDEE6F243E1A7D003E2542 /* Base */,
				DCDDEE8B243E1CD5003E2542 /* vi */,
			);
			name = LaunchScreen.storyboard;
			sourceTree = "<group>";
		};
		DCDDEE8E243E1CEA003E2542 /* Localizable.strings */ = {
			isa = PBXVariantGroup;
			children = (
				DCDDEE8D243E1CEA003E2542 /* en */,
				DCDDEE8F243E1CEE003E2542 /* vi */,
			);
			name = Localizable.strings;
			sourceTree = "<group>";
		};
/* End PBXVariantGroup section */

/* Begin XCBuildConfiguration section */
		DCDDEE7D243E1A7D003E2542 /* Debug */ = {
			isa = XCBuildConfiguration;
			buildSettings = {
				ALWAYS_SEARCH_USER_PATHS = NO;
				CLANG_ANALYZER_LOCALIZABILITY_NONLOCALIZED = YES;
				CLANG_ANALYZER_NONNULL = YES;
				CLANG_ANALYZER_NUMBER_OBJECT_CONVERSION = YES_AGGRESSIVE;
				CLANG_CXX_LANGUAGE_STANDARD = "gnu++14";
				CLANG_CXX_LIBRARY = "libc++";
				CLANG_ENABLE_MODULES = YES;
				CLANG_ENABLE_OBJC_ARC = YES;
				CLANG_ENABLE_OBJC_WEAK = YES;
				CLANG_WARN_BLOCK_CAPTURE_AUTORELEASING = YES;
				CLANG_WARN_BOOL_CONVERSION = YES;
				CLANG_WARN_COMMA = YES;
				CLANG_WARN_CONSTANT_CONVERSION = YES;
				CLANG_WARN_DEPRECATED_OBJC_IMPLEMENTATIONS = YES;
				CLANG_WARN_DIRECT_OBJC_ISA_USAGE = YES_ERROR;
				CLANG_WARN_DOCUMENTATION_COMMENTS = YES;
				CLANG_WARN_EMPTY_BODY = YES;
				CLANG_WARN_ENUM_CONVERSION = YES;
				CLANG_WARN_INFINITE_RECURSION = YES;
				CLANG_WARN_INT_CONVERSION = YES;
				CLANG_WARN_NON_LITERAL_NULL_CONVERSION = YES;
				CLANG_WARN_OBJC_IMPLICIT_RETAIN_SELF = YES;
				CLANG_WARN_OBJC_LITERAL_CONVERSION = YES;
				CLANG_WARN_OBJC_ROOT_CLASS = YES_ERROR;
				CLANG_WARN_RANGE_LOOP_ANALYSIS = YES;
				CLANG_WARN_STRICT_PROTOTYPES = YES;
				CLANG_WARN_SUSPICIOUS_MOVE = YES;
				CLANG_WARN_UNGUARDED_AVAILABILITY = YES_AGGRESSIVE;
				CLANG_WARN_UNREACHABLE_CODE = YES;
				CLANG_WARN__DUPLICATE_METHOD_MATCH = YES;
				COPY_PHASE_STRIP = NO;
				DEBUG_INFORMATION_FORMAT = dwarf;
				ENABLE_STRICT_OBJC_MSGSEND = YES;
				ENABLE_TESTABILITY = YES;
				GCC_C_LANGUAGE_STANDARD = gnu11;
				GCC_DYNAMIC_NO_PIC = NO;
				GCC_NO_COMMON_BLOCKS = YES;
				GCC_OPTIMIZATION_LEVEL = 0;
				GCC_PREPROCESSOR_DEFINITIONS = (
					"DEBUG=1",
					"$(inherited)",
				);
				GCC_WARN_64_TO_32_BIT_CONVERSION = YES;
				GCC_WARN_ABOUT_RETURN_TYPE = YES_ERROR;
				GCC_WARN_UNDECLARED_SELECTOR = YES;
				GCC_WARN_UNINITIALIZED_AUTOS = YES_AGGRESSIVE;
				GCC_WARN_UNUSED_FUNCTION = YES;
				GCC_WARN_UNUSED_VARIABLE = YES;
				IPHONEOS_DEPLOYMENT_TARGET = 13.0;
				MTL_ENABLE_DEBUG_INFO = INCLUDE_SOURCE;
				MTL_FAST_MATH = YES;
				ONLY_ACTIVE_ARCH = YES;
				SDKROOT = iphoneos;
				SWIFT_ACTIVE_COMPILATION_CONDITIONS = DEBUG;
				SWIFT_OPTIMIZATION_LEVEL = "-Onone";
			};
			name = Debug;
		};
		DCDDEE7E243E1A7D003E2542 /* Release */ = {
			isa = XCBuildConfiguration;
			buildSettings = {
				ALWAYS_SEARCH_USER_PATHS = NO;
				CLANG_ANALYZER_LOCALIZABILITY_NONLOCALIZED = YES;
				CLANG_ANALYZER_NONNULL = YES;
				CLANG_ANALYZER_NUMBER_OBJECT_CONVERSION = YES_AGGRESSIVE;
				CLANG_CXX_LANGUAGE_STANDARD = "gnu++14";
				CLANG_CXX_LIBRARY = "libc++";
				CLANG_ENABLE_MODULES = YES;
				CLANG_ENABLE_OBJC_ARC = YES;
				CLANG_ENABLE_OBJC_WEAK = YES;
				CLANG_WARN_BLOCK_CAPTURE_AUTORELEASING = YES;
				CLANG_WARN_BOOL_CONVERSION = YES;
				CLANG_WARN_COMMA = YES;
				CLANG_WARN_CONSTANT_CONVERSION = YES;
				CLANG_WARN_DEPRECATED_OBJC_IMPLEMENTATIONS = YES;
				CLANG_WARN_DIRECT_OBJC_ISA_USAGE = YES_ERROR;
				CLANG_WARN_DOCUMENTATION_COMMENTS = YES;
				CLANG_WARN_EMPTY_BODY = YES;
				CLANG_WARN_ENUM_CONVERSION = YES;
				CLANG_WARN_INFINITE_RECURSION = YES;
				CLANG_WARN_INT_CONVERSION = YES;
				CLANG_WARN_NON_LITERAL_NULL_CONVERSION = YES;
				CLANG_WARN_OBJC_IMPLICIT_RETAIN_SELF = YES;
				CLANG_WARN_OBJC_LITERAL_CONVERSION = YES;
				CLANG_WARN_OBJC_ROOT_CLASS = YES_ERROR;
				CLANG_WARN_RANGE_LOOP_ANALYSIS = YES;
				CLANG_WARN_STRICT_PROTOTYPES = YES;
				CLANG_WARN_SUSPICIOUS_MOVE = YES;
				CLANG_WARN_UNGUARDED_AVAILABILITY = YES_AGGRESSIVE;
				CLANG_WARN_UNREACHABLE_CODE = YES;
				CLANG_WARN__DUPLICATE_METHOD_MATCH = YES;
				COPY_PHASE_STRIP = NO;
				DEBUG_INFORMATION_FORMAT = "dwarf-with-dsym";
				ENABLE_NS_ASSERTIONS = NO;
				ENABLE_STRICT_OBJC_MSGSEND = YES;
				GCC_C_LANGUAGE_STANDARD = gnu11;
				GCC_NO_COMMON_BLOCKS = YES;
				GCC_WARN_64_TO_32_BIT_CONVERSION = YES;
				GCC_WARN_ABOUT_RETURN_TYPE = YES_ERROR;
				GCC_WARN_UNDECLARED_SELECTOR = YES;
				GCC_WARN_UNINITIALIZED_AUTOS = YES_AGGRESSIVE;
				GCC_WARN_UNUSED_FUNCTION = YES;
				GCC_WARN_UNUSED_VARIABLE = YES;
				IPHONEOS_DEPLOYMENT_TARGET = 13.0;
				MTL_ENABLE_DEBUG_INFO = NO;
				MTL_FAST_MATH = YES;
				SDKROOT = iphoneos;
				SWIFT_COMPILATION_MODE = wholemodule;
				SWIFT_OPTIMIZATION_LEVEL = "-O";
				VALIDATE_PRODUCT = YES;
			};
			name = Release;
		};
		DCDDEE80243E1A7D003E2542 /* Debug */ = {
			isa = XCBuildConfiguration;
			baseConfigurationReference = 4495F60AE357BBA61614D7E9 /* Pods-JsonUI.debug.xcconfig */;
			buildSettings = {
				ASSETCATALOG_COMPILER_APPICON_NAME = AppIcon;
				CODE_SIGN_STYLE = Automatic;
				CURRENT_PROJECT_VERSION = 14;
				DEVELOPMENT_ASSET_PATHS = "\"JsonUI/Preview Content\"";
				DEVELOPMENT_TEAM = 8C98S3WY53;
				ENABLE_PREVIEWS = YES;
				INFOPLIST_FILE = JsonUI/Info.plist;
				IPHONEOS_DEPLOYMENT_TARGET = 13.0;
				LD_RUNPATH_SEARCH_PATHS = (
					"$(inherited)",
					"@executable_path/Frameworks",
				);
				MARKETING_VERSION = 1.0;
				PRODUCT_BUNDLE_IDENTIFIER = com.duyquang.jsonui;
				PRODUCT_NAME = "Zent LMS";
				SWIFT_VERSION = 5.0;
				TARGETED_DEVICE_FAMILY = 1;
			};
			name = Debug;
		};
		DCDDEE81243E1A7D003E2542 /* Release */ = {
			isa = XCBuildConfiguration;
			baseConfigurationReference = 800FBD3AAB92DFD067CA0617 /* Pods-JsonUI.release.xcconfig */;
			buildSettings = {
				ASSETCATALOG_COMPILER_APPICON_NAME = AppIcon;
				CODE_SIGN_STYLE = Automatic;
				CURRENT_PROJECT_VERSION = 14;
				DEVELOPMENT_ASSET_PATHS = "\"JsonUI/Preview Content\"";
				DEVELOPMENT_TEAM = 8C98S3WY53;
				ENABLE_PREVIEWS = YES;
				INFOPLIST_FILE = JsonUI/Info.plist;
				IPHONEOS_DEPLOYMENT_TARGET = 13.0;
				LD_RUNPATH_SEARCH_PATHS = (
					"$(inherited)",
					"@executable_path/Frameworks",
				);
				MARKETING_VERSION = 1.0;
				PRODUCT_BUNDLE_IDENTIFIER = com.duyquang.jsonui;
				PRODUCT_NAME = "Zent LMS";
				SWIFT_VERSION = 5.0;
				TARGETED_DEVICE_FAMILY = 1;
			};
			name = Release;
		};
		DCDDEE83243E1A7D003E2542 /* Debug */ = {
			isa = XCBuildConfiguration;
			baseConfigurationReference = 3747159615DB3266A0B8ED7F /* Pods-JsonUITests.debug.xcconfig */;
			buildSettings = {
				ALWAYS_EMBED_SWIFT_STANDARD_LIBRARIES = YES;
				BUNDLE_LOADER = "$(TEST_HOST)";
				CODE_SIGN_STYLE = Automatic;
				DEVELOPMENT_TEAM = 8C98S3WY53;
				INFOPLIST_FILE = JsonUITests/Info.plist;
				IPHONEOS_DEPLOYMENT_TARGET = 13.2;
				LD_RUNPATH_SEARCH_PATHS = (
					"$(inherited)",
					"@executable_path/Frameworks",
					"@loader_path/Frameworks",
				);
				PRODUCT_BUNDLE_IDENTIFIER = com.stevedao.JsonUITests;
				PRODUCT_NAME = "$(TARGET_NAME)";
				SWIFT_VERSION = 5.0;
				TARGETED_DEVICE_FAMILY = "1,2";
				TEST_HOST = "$(BUILT_PRODUCTS_DIR)/Zent Scanner.app/Zent Scanner";
			};
			name = Debug;
		};
		DCDDEE84243E1A7D003E2542 /* Release */ = {
			isa = XCBuildConfiguration;
			baseConfigurationReference = 1B1E7EB22880975148C6B0D9 /* Pods-JsonUITests.release.xcconfig */;
			buildSettings = {
				ALWAYS_EMBED_SWIFT_STANDARD_LIBRARIES = YES;
				BUNDLE_LOADER = "$(TEST_HOST)";
				CODE_SIGN_STYLE = Automatic;
				DEVELOPMENT_TEAM = 8C98S3WY53;
				INFOPLIST_FILE = JsonUITests/Info.plist;
				IPHONEOS_DEPLOYMENT_TARGET = 13.2;
				LD_RUNPATH_SEARCH_PATHS = (
					"$(inherited)",
					"@executable_path/Frameworks",
					"@loader_path/Frameworks",
				);
				PRODUCT_BUNDLE_IDENTIFIER = com.stevedao.JsonUITests;
				PRODUCT_NAME = "$(TARGET_NAME)";
				SWIFT_VERSION = 5.0;
				TARGETED_DEVICE_FAMILY = "1,2";
				TEST_HOST = "$(BUILT_PRODUCTS_DIR)/Zent Scanner.app/Zent Scanner";
			};
			name = Release;
		};
/* End XCBuildConfiguration section */

/* Begin XCConfigurationList section */
		DCDDEE5B243E1A7B003E2542 /* Build configuration list for PBXProject "JsonUI" */ = {
			isa = XCConfigurationList;
			buildConfigurations = (
				DCDDEE7D243E1A7D003E2542 /* Debug */,
				DCDDEE7E243E1A7D003E2542 /* Release */,
			);
			defaultConfigurationIsVisible = 0;
			defaultConfigurationName = Release;
		};
		DCDDEE7F243E1A7D003E2542 /* Build configuration list for PBXNativeTarget "JsonUI" */ = {
			isa = XCConfigurationList;
			buildConfigurations = (
				DCDDEE80243E1A7D003E2542 /* Debug */,
				DCDDEE81243E1A7D003E2542 /* Release */,
			);
			defaultConfigurationIsVisible = 0;
			defaultConfigurationName = Release;
		};
		DCDDEE82243E1A7D003E2542 /* Build configuration list for PBXNativeTarget "JsonUITests" */ = {
			isa = XCConfigurationList;
			buildConfigurations = (
				DCDDEE83243E1A7D003E2542 /* Debug */,
				DCDDEE84243E1A7D003E2542 /* Release */,
			);
			defaultConfigurationIsVisible = 0;
			defaultConfigurationName = Release;
		};
/* End XCConfigurationList section */
	};
	rootObject = DCDDEE58243E1A7B003E2542 /* Project object */;
}
